// !$*UTF8*$!
{
	archiveVersion = 1;
	classes = {
	};
	objectVersion = 56;
	objects = {

/* Begin PBXBuildFile section */
		520C23FC297DC61600089849 /* GradientsBootcamp.swift in Sources */ = {isa = PBXBuildFile; fileRef = 520C23FB297DC61600089849 /* GradientsBootcamp.swift */; };
		520C23FE297DCA7A00089849 /* IconsBootcamp.swift in Sources */ = {isa = PBXBuildFile; fileRef = 520C23FD297DCA7A00089849 /* IconsBootcamp.swift */; };
		520C2400297DDB1E00089849 /* ImageBootcamp.swift in Sources */ = {isa = PBXBuildFile; fileRef = 520C23FF297DDB1E00089849 /* ImageBootcamp.swift */; };
		52678F12297C53F100D35861 /* BeginnerSwiftUIProjectApp.swift in Sources */ = {isa = PBXBuildFile; fileRef = 52678F11297C53F100D35861 /* BeginnerSwiftUIProjectApp.swift */; };
		52678F14297C53F100D35861 /* ContentView.swift in Sources */ = {isa = PBXBuildFile; fileRef = 52678F13297C53F100D35861 /* ContentView.swift */; };
		52678F16297C53F300D35861 /* Assets.xcassets in Resources */ = {isa = PBXBuildFile; fileRef = 52678F15297C53F300D35861 /* Assets.xcassets */; };
		52678F19297C53F300D35861 /* Preview Assets.xcassets in Resources */ = {isa = PBXBuildFile; fileRef = 52678F18297C53F300D35861 /* Preview Assets.xcassets */; };
		52678F20297D6CE400D35861 /* TextBootcamp.swift in Sources */ = {isa = PBXBuildFile; fileRef = 52678F1F297D6CE400D35861 /* TextBootcamp.swift */; };
		52678F22297D725A00D35861 /* ShapesBootcamp.swift in Sources */ = {isa = PBXBuildFile; fileRef = 52678F21297D725A00D35861 /* ShapesBootcamp.swift */; };
		52678F24297D8ECF00D35861 /* ColorsBootcamp.swift in Sources */ = {isa = PBXBuildFile; fileRef = 52678F23297D8ECF00D35861 /* ColorsBootcamp.swift */; };
		52E0B5BC298548D70084CB2E /* FrameBootcamp.swift in Sources */ = {isa = PBXBuildFile; fileRef = 52E0B5BB298548D70084CB2E /* FrameBootcamp.swift */; };
		52E0B5BE29854ECA0084CB2E /* BackgroundAndOverlayBootcamp.swift in Sources */ = {isa = PBXBuildFile; fileRef = 52E0B5BD29854ECA0084CB2E /* BackgroundAndOverlayBootcamp.swift */; };
		52E0B5C02986AEFD0084CB2E /* StacksBootcamp.swift in Sources */ = {isa = PBXBuildFile; fileRef = 52E0B5BF2986AEFC0084CB2E /* StacksBootcamp.swift */; };
		52E0B5C22986E9D70084CB2E /* StacksBootcampRWE1.swift in Sources */ = {isa = PBXBuildFile; fileRef = 52E0B5C12986E9D70084CB2E /* StacksBootcampRWE1.swift */; };
		52E0B5C42986EA8D0084CB2E /* StacksBootcampRWE2.swift in Sources */ = {isa = PBXBuildFile; fileRef = 52E0B5C32986EA8D0084CB2E /* StacksBootcampRWE2.swift */; };
		A1D704DD2C416B4500492DA5 /* PaddingBootcamp.swift in Sources */ = {isa = PBXBuildFile; fileRef = A1D704DC2C416B4500492DA5 /* PaddingBootcamp.swift */; };
		A1D704DF2C416FB200492DA5 /* SpacerBootcamp.swift in Sources */ = {isa = PBXBuildFile; fileRef = A1D704DE2C416FB200492DA5 /* SpacerBootcamp.swift */; };
/* End PBXBuildFile section */

/* Begin PBXFileReference section */
		520C23FB297DC61600089849 /* GradientsBootcamp.swift */ = {isa = PBXFileReference; lastKnownFileType = sourcecode.swift; path = GradientsBootcamp.swift; sourceTree = "<group>"; };
		520C23FD297DCA7A00089849 /* IconsBootcamp.swift */ = {isa = PBXFileReference; lastKnownFileType = sourcecode.swift; path = IconsBootcamp.swift; sourceTree = "<group>"; };
		520C23FF297DDB1E00089849 /* ImageBootcamp.swift */ = {isa = PBXFileReference; lastKnownFileType = sourcecode.swift; path = ImageBootcamp.swift; sourceTree = "<group>"; };
		52678F0E297C53F100D35861 /* BeginnerSwiftUIProject.app */ = {isa = PBXFileReference; explicitFileType = wrapper.application; includeInIndex = 0; path = BeginnerSwiftUIProject.app; sourceTree = BUILT_PRODUCTS_DIR; };
		52678F11297C53F100D35861 /* BeginnerSwiftUIProjectApp.swift */ = {isa = PBXFileReference; lastKnownFileType = sourcecode.swift; path = BeginnerSwiftUIProjectApp.swift; sourceTree = "<group>"; };
		52678F13297C53F100D35861 /* ContentView.swift */ = {isa = PBXFileReference; lastKnownFileType = sourcecode.swift; path = ContentView.swift; sourceTree = "<group>"; };
		52678F15297C53F300D35861 /* Assets.xcassets */ = {isa = PBXFileReference; lastKnownFileType = folder.assetcatalog; path = Assets.xcassets; sourceTree = "<group>"; };
		52678F18297C53F300D35861 /* Preview Assets.xcassets */ = {isa = PBXFileReference; lastKnownFileType = folder.assetcatalog; path = "Preview Assets.xcassets"; sourceTree = "<group>"; };
		52678F1F297D6CE400D35861 /* TextBootcamp.swift */ = {isa = PBXFileReference; lastKnownFileType = sourcecode.swift; path = TextBootcamp.swift; sourceTree = "<group>"; };
		52678F21297D725A00D35861 /* ShapesBootcamp.swift */ = {isa = PBXFileReference; lastKnownFileType = sourcecode.swift; path = ShapesBootcamp.swift; sourceTree = "<group>"; };
		52678F23297D8ECF00D35861 /* ColorsBootcamp.swift */ = {isa = PBXFileReference; lastKnownFileType = sourcecode.swift; path = ColorsBootcamp.swift; sourceTree = "<group>"; };
		52E0B5BB298548D70084CB2E /* FrameBootcamp.swift */ = {isa = PBXFileReference; lastKnownFileType = sourcecode.swift; path = FrameBootcamp.swift; sourceTree = "<group>"; };
		52E0B5BD29854ECA0084CB2E /* BackgroundAndOverlayBootcamp.swift */ = {isa = PBXFileReference; lastKnownFileType = sourcecode.swift; path = BackgroundAndOverlayBootcamp.swift; sourceTree = "<group>"; };
		52E0B5BF2986AEFC0084CB2E /* StacksBootcamp.swift */ = {isa = PBXFileReference; lastKnownFileType = sourcecode.swift; path = StacksBootcamp.swift; sourceTree = "<group>"; };
		52E0B5C12986E9D70084CB2E /* StacksBootcampRWE1.swift */ = {isa = PBXFileReference; lastKnownFileType = sourcecode.swift; path = StacksBootcampRWE1.swift; sourceTree = "<group>"; };
		52E0B5C32986EA8D0084CB2E /* StacksBootcampRWE2.swift */ = {isa = PBXFileReference; lastKnownFileType = sourcecode.swift; path = StacksBootcampRWE2.swift; sourceTree = "<group>"; };
		A1D704DC2C416B4500492DA5 /* PaddingBootcamp.swift */ = {isa = PBXFileReference; lastKnownFileType = sourcecode.swift; path = PaddingBootcamp.swift; sourceTree = "<group>"; };
		A1D704DE2C416FB200492DA5 /* SpacerBootcamp.swift */ = {isa = PBXFileReference; lastKnownFileType = sourcecode.swift; path = SpacerBootcamp.swift; sourceTree = "<group>"; };
/* End PBXFileReference section */

/* Begin PBXFrameworksBuildPhase section */
		52678F0B297C53F100D35861 /* Frameworks */ = {
			isa = PBXFrameworksBuildPhase;
			buildActionMask = 2147483647;
			files = (
			);
			runOnlyForDeploymentPostprocessing = 0;
		};
/* End PBXFrameworksBuildPhase section */

/* Begin PBXGroup section */
		52678F05297C53F100D35861 = {
			isa = PBXGroup;
			children = (
				52678F10297C53F100D35861 /* BeginnerSwiftUIProject */,
				52678F0F297C53F100D35861 /* Products */,
			);
			sourceTree = "<group>";
		};
		52678F0F297C53F100D35861 /* Products */ = {
			isa = PBXGroup;
			children = (
				52678F0E297C53F100D35861 /* BeginnerSwiftUIProject.app */,
			);
			name = Products;
			sourceTree = "<group>";
		};
		52678F10297C53F100D35861 /* BeginnerSwiftUIProject */ = {
			isa = PBXGroup;
			children = (
				52678F11297C53F100D35861 /* BeginnerSwiftUIProjectApp.swift */,
				52678F13297C53F100D35861 /* ContentView.swift */,
				52678F15297C53F300D35861 /* Assets.xcassets */,
				52678F17297C53F300D35861 /* Preview Content */,
				52678F1F297D6CE400D35861 /* TextBootcamp.swift */,
				52678F21297D725A00D35861 /* ShapesBootcamp.swift */,
				52678F23297D8ECF00D35861 /* ColorsBootcamp.swift */,
				520C23FB297DC61600089849 /* GradientsBootcamp.swift */,
				520C23FD297DCA7A00089849 /* IconsBootcamp.swift */,
				520C23FF297DDB1E00089849 /* ImageBootcamp.swift */,
				52E0B5BB298548D70084CB2E /* FrameBootcamp.swift */,
				52E0B5BD29854ECA0084CB2E /* BackgroundAndOverlayBootcamp.swift */,
				52E0B5BF2986AEFC0084CB2E /* StacksBootcamp.swift */,
				52E0B5C12986E9D70084CB2E /* StacksBootcampRWE1.swift */,
				52E0B5C32986EA8D0084CB2E /* StacksBootcampRWE2.swift */,
				A1D704DC2C416B4500492DA5 /* PaddingBootcamp.swift */,
				A1D704DE2C416FB200492DA5 /* SpacerBootcamp.swift */,
			);
			path = BeginnerSwiftUIProject;
			sourceTree = "<group>";
		};
		52678F17297C53F300D35861 /* Preview Content */ = {
			isa = PBXGroup;
			children = (
				52678F18297C53F300D35861 /* Preview Assets.xcassets */,
			);
			path = "Preview Content";
			sourceTree = "<group>";
		};
/* End PBXGroup section */

/* Begin PBXNativeTarget section */
		52678F0D297C53F100D35861 /* BeginnerSwiftUIProject */ = {
			isa = PBXNativeTarget;
			buildConfigurationList = 52678F1C297C53F300D35861 /* Build configuration list for PBXNativeTarget "BeginnerSwiftUIProject" */;
			buildPhases = (
				52678F0A297C53F100D35861 /* Sources */,
				52678F0B297C53F100D35861 /* Frameworks */,
				52678F0C297C53F100D35861 /* Resources */,
			);
			buildRules = (
			);
			dependencies = (
			);
			name = BeginnerSwiftUIProject;
			productName = BeginnerSwiftUIProject;
			productReference = 52678F0E297C53F100D35861 /* BeginnerSwiftUIProject.app */;
			productType = "com.apple.product-type.application";
		};
/* End PBXNativeTarget section */

/* Begin PBXProject section */
		52678F06297C53F100D35861 /* Project object */ = {
			isa = PBXProject;
			attributes = {
				BuildIndependentTargetsInParallel = 1;
				LastSwiftUpdateCheck = 1410;
				LastUpgradeCheck = 1410;
				TargetAttributes = {
					52678F0D297C53F100D35861 = {
						CreatedOnToolsVersion = 14.1;
					};
				};
			};
			buildConfigurationList = 52678F09297C53F100D35861 /* Build configuration list for PBXProject "BeginnerSwiftUIProject" */;
			compatibilityVersion = "Xcode 14.0";
			developmentRegion = en;
			hasScannedForEncodings = 0;
			knownRegions = (
				en,
				Base,
			);
			mainGroup = 52678F05297C53F100D35861;
			productRefGroup = 52678F0F297C53F100D35861 /* Products */;
			projectDirPath = "";
			projectRoot = "";
			targets = (
				52678F0D297C53F100D35861 /* BeginnerSwiftUIProject */,
			);
		};
/* End PBXProject section */

/* Begin PBXResourcesBuildPhase section */
		52678F0C297C53F100D35861 /* Resources */ = {
			isa = PBXResourcesBuildPhase;
			buildActionMask = 2147483647;
			files = (
				52678F19297C53F300D35861 /* Preview Assets.xcassets in Resources */,
				52678F16297C53F300D35861 /* Assets.xcassets in Resources */,
			);
			runOnlyForDeploymentPostprocessing = 0;
		};
/* End PBXResourcesBuildPhase section */

/* Begin PBXSourcesBuildPhase section */
		52678F0A297C53F100D35861 /* Sources */ = {
			isa = PBXSourcesBuildPhase;
			buildActionMask = 2147483647;
			files = (
				52E0B5C22986E9D70084CB2E /* StacksBootcampRWE1.swift in Sources */,
				520C23FC297DC61600089849 /* GradientsBootcamp.swift in Sources */,
				52E0B5C42986EA8D0084CB2E /* StacksBootcampRWE2.swift in Sources */,
				52E0B5BE29854ECA0084CB2E /* BackgroundAndOverlayBootcamp.swift in Sources */,
				A1D704DD2C416B4500492DA5 /* PaddingBootcamp.swift in Sources */,
				52678F24297D8ECF00D35861 /* ColorsBootcamp.swift in Sources */,
				A1D704DF2C416FB200492DA5 /* SpacerBootcamp.swift in Sources */,
				52E0B5BC298548D70084CB2E /* FrameBootcamp.swift in Sources */,
				52678F22297D725A00D35861 /* ShapesBootcamp.swift in Sources */,
				52678F14297C53F100D35861 /* ContentView.swift in Sources */,
				52678F20297D6CE400D35861 /* TextBootcamp.swift in Sources */,
				52678F12297C53F100D35861 /* BeginnerSwiftUIProjectApp.swift in Sources */,
				52E0B5C02986AEFD0084CB2E /* StacksBootcamp.swift in Sources */,
				520C2400297DDB1E00089849 /* ImageBootcamp.swift in Sources */,
				520C23FE297DCA7A00089849 /* IconsBootcamp.swift in Sources */,
			);
			runOnlyForDeploymentPostprocessing = 0;
		};
/* End PBXSourcesBuildPhase section */

/* Begin XCBuildConfiguration section */
		52678F1A297C53F300D35861 /* Debug */ = {
			isa = XCBuildConfiguration;
			buildSettings = {
				ALWAYS_SEARCH_USER_PATHS = NO;
				CLANG_ANALYZER_NONNULL = YES;
				CLANG_ANALYZER_NUMBER_OBJECT_CONVERSION = YES_AGGRESSIVE;
				CLANG_CXX_LANGUAGE_STANDARD = "gnu++20";
				CLANG_ENABLE_MODULES = YES;
				CLANG_ENABLE_OBJC_ARC = YES;
				CLANG_ENABLE_OBJC_WEAK = YES;
				CLANG_WARN_BLOCK_CAPTURE_AUTORELEASING = YES;
				CLANG_WARN_BOOL_CONVERSION = YES;
				CLANG_WARN_COMMA = YES;
				CLANG_WARN_CONSTANT_CONVERSION = YES;
				CLANG_WARN_DEPRECATED_OBJC_IMPLEMENTATIONS = YES;
				CLANG_WARN_DIRECT_OBJC_ISA_USAGE = YES_ERROR;
				CLANG_WARN_DOCUMENTATION_COMMENTS = YES;
				CLANG_WARN_EMPTY_BODY = YES;
				CLANG_WARN_ENUM_CONVERSION = YES;
				CLANG_WARN_INFINITE_RECURSION = YES;
				CLANG_WARN_INT_CONVERSION = YES;
				CLANG_WARN_NON_LITERAL_NULL_CONVERSION = YES;
				CLANG_WARN_OBJC_IMPLICIT_RETAIN_SELF = YES;
				CLANG_WARN_OBJC_LITERAL_CONVERSION = YES;
				CLANG_WARN_OBJC_ROOT_CLASS = YES_ERROR;
				CLANG_WARN_QUOTED_INCLUDE_IN_FRAMEWORK_HEADER = YES;
				CLANG_WARN_RANGE_LOOP_ANALYSIS = YES;
				CLANG_WARN_STRICT_PROTOTYPES = YES;
				CLANG_WARN_SUSPICIOUS_MOVE = YES;
				CLANG_WARN_UNGUARDED_AVAILABILITY = YES_AGGRESSIVE;
				CLANG_WARN_UNREACHABLE_CODE = YES;
				CLANG_WARN__DUPLICATE_METHOD_MATCH = YES;
				COPY_PHASE_STRIP = NO;
				DEBUG_INFORMATION_FORMAT = dwarf;
				ENABLE_STRICT_OBJC_MSGSEND = YES;
				ENABLE_TESTABILITY = YES;
				GCC_C_LANGUAGE_STANDARD = gnu11;
				GCC_DYNAMIC_NO_PIC = NO;
				GCC_NO_COMMON_BLOCKS = YES;
				GCC_OPTIMIZATION_LEVEL = 0;
				GCC_PREPROCESSOR_DEFINITIONS = (
					"DEBUG=1",
					"$(inherited)",
				);
				GCC_WARN_64_TO_32_BIT_CONVERSION = YES;
				GCC_WARN_ABOUT_RETURN_TYPE = YES_ERROR;
				GCC_WARN_UNDECLARED_SELECTOR = YES;
				GCC_WARN_UNINITIALIZED_AUTOS = YES_AGGRESSIVE;
				GCC_WARN_UNUSED_FUNCTION = YES;
				GCC_WARN_UNUSED_VARIABLE = YES;
				IPHONEOS_DEPLOYMENT_TARGET = 16.1;
				MTL_ENABLE_DEBUG_INFO = INCLUDE_SOURCE;
				MTL_FAST_MATH = YES;
				ONLY_ACTIVE_ARCH = YES;
				SDKROOT = iphoneos;
				SWIFT_ACTIVE_COMPILATION_CONDITIONS = DEBUG;
				SWIFT_OPTIMIZATION_LEVEL = "-Onone";
			};
			name = Debug;
		};
		52678F1B297C53F300D35861 /* Release */ = {
			isa = XCBuildConfiguration;
			buildSettings = {
				ALWAYS_SEARCH_USER_PATHS = NO;
				CLANG_ANALYZER_NONNULL = YES;
				CLANG_ANALYZER_NUMBER_OBJECT_CONVERSION = YES_AGGRESSIVE;
				CLANG_CXX_LANGUAGE_STANDARD = "gnu++20";
				CLANG_ENABLE_MODULES = YES;
				CLANG_ENABLE_OBJC_ARC = YES;
				CLANG_ENABLE_OBJC_WEAK = YES;
				CLANG_WARN_BLOCK_CAPTURE_AUTORELEASING = YES;
				CLANG_WARN_BOOL_CONVERSION = YES;
				CLANG_WARN_COMMA = YES;
				CLANG_WARN_CONSTANT_CONVERSION = YES;
				CLANG_WARN_DEPRECATED_OBJC_IMPLEMENTATIONS = YES;
				CLANG_WARN_DIRECT_OBJC_ISA_USAGE = YES_ERROR;
				CLANG_WARN_DOCUMENTATION_COMMENTS = YES;
				CLANG_WARN_EMPTY_BODY = YES;
				CLANG_WARN_ENUM_CONVERSION = YES;
				CLANG_WARN_INFINITE_RECURSION = YES;
				CLANG_WARN_INT_CONVERSION = YES;
				CLANG_WARN_NON_LITERAL_NULL_CONVERSION = YES;
				CLANG_WARN_OBJC_IMPLICIT_RETAIN_SELF = YES;
				CLANG_WARN_OBJC_LITERAL_CONVERSION = YES;
				CLANG_WARN_OBJC_ROOT_CLASS = YES_ERROR;
				CLANG_WARN_QUOTED_INCLUDE_IN_FRAMEWORK_HEADER = YES;
				CLANG_WARN_RANGE_LOOP_ANALYSIS = YES;
				CLANG_WARN_STRICT_PROTOTYPES = YES;
				CLANG_WARN_SUSPICIOUS_MOVE = YES;
				CLANG_WARN_UNGUARDED_AVAILABILITY = YES_AGGRESSIVE;
				CLANG_WARN_UNREACHABLE_CODE = YES;
				CLANG_WARN__DUPLICATE_METHOD_MATCH = YES;
				COPY_PHASE_STRIP = NO;
				DEBUG_INFORMATION_FORMAT = "dwarf-with-dsym";
				ENABLE_NS_ASSERTIONS = NO;
				ENABLE_STRICT_OBJC_MSGSEND = YES;
				GCC_C_LANGUAGE_STANDARD = gnu11;
				GCC_NO_COMMON_BLOCKS = YES;
				GCC_WARN_64_TO_32_BIT_CONVERSION = YES;
				GCC_WARN_ABOUT_RETURN_TYPE = YES_ERROR;
				GCC_WARN_UNDECLARED_SELECTOR = YES;
				GCC_WARN_UNINITIALIZED_AUTOS = YES_AGGRESSIVE;
				GCC_WARN_UNUSED_FUNCTION = YES;
				GCC_WARN_UNUSED_VARIABLE = YES;
				IPHONEOS_DEPLOYMENT_TARGET = 16.1;
				MTL_ENABLE_DEBUG_INFO = NO;
				MTL_FAST_MATH = YES;
				SDKROOT = iphoneos;
				SWIFT_COMPILATION_MODE = wholemodule;
				SWIFT_OPTIMIZATION_LEVEL = "-O";
				VALIDATE_PRODUCT = YES;
			};
			name = Release;
		};
		52678F1D297C53F300D35861 /* Debug */ = {
			isa = XCBuildConfiguration;
			buildSettings = {
				ASSETCATALOG_COMPILER_APPICON_NAME = AppIcon;
				ASSETCATALOG_COMPILER_GLOBAL_ACCENT_COLOR_NAME = AccentColor;
				CODE_SIGN_STYLE = Automatic;
				CURRENT_PROJECT_VERSION = 1;
				DEVELOPMENT_ASSET_PATHS = "\"BeginnerSwiftUIProject/Preview Content\"";
				ENABLE_PREVIEWS = YES;
				GENERATE_INFOPLIST_FILE = YES;
				INFOPLIST_KEY_UIApplicationSceneManifest_Generation = YES;
				INFOPLIST_KEY_UIApplicationSupportsIndirectInputEvents = YES;
				INFOPLIST_KEY_UILaunchScreen_Generation = YES;
				INFOPLIST_KEY_UISupportedInterfaceOrientations_iPad = "UIInterfaceOrientationPortrait UIInterfaceOrientationPortraitUpsideDown UIInterfaceOrientationLandscapeLeft UIInterfaceOrientationLandscapeRight";
				INFOPLIST_KEY_UISupportedInterfaceOrientations_iPhone = "UIInterfaceOrientationPortrait UIInterfaceOrientationLandscapeLeft UIInterfaceOrientationLandscapeRight";
				LD_RUNPATH_SEARCH_PATHS = (
					"$(inherited)",
					"@executable_path/Frameworks",
				);
				MARKETING_VERSION = 1.0;
				PRODUCT_BUNDLE_IDENTIFIER = DevBorisElkin.BeginnerSwiftUIProject;
				PRODUCT_NAME = "$(TARGET_NAME)";
				SWIFT_EMIT_LOC_STRINGS = YES;
				SWIFT_VERSION = 5.0;
				TARGETED_DEVICE_FAMILY = "1,2";
			};
			name = Debug;
		};
		52678F1E297C53F300D35861 /* Release */ = {
			isa = XCBuildConfiguration;
			buildSettings = {
				ASSETCATALOG_COMPILER_APPICON_NAME = AppIcon;
				ASSETCATALOG_COMPILER_GLOBAL_ACCENT_COLOR_NAME = AccentColor;
				CODE_SIGN_STYLE = Automatic;
				CURRENT_PROJECT_VERSION = 1;
				DEVELOPMENT_ASSET_PATHS = "\"BeginnerSwiftUIProject/Preview Content\"";
				ENABLE_PREVIEWS = YES;
				GENERATE_INFOPLIST_FILE = YES;
				INFOPLIST_KEY_UIApplicationSceneManifest_Generation = YES;
				INFOPLIST_KEY_UIApplicationSupportsIndirectInputEvents = YES;
				INFOPLIST_KEY_UILaunchScreen_Generation = YES;
				INFOPLIST_KEY_UISupportedInterfaceOrientations_iPad = "UIInterfaceOrientationPortrait UIInterfaceOrientationPortraitUpsideDown UIInterfaceOrientationLandscapeLeft UIInterfaceOrientationLandscapeRight";
				INFOPLIST_KEY_UISupportedInterfaceOrientations_iPhone = "UIInterfaceOrientationPortrait UIInterfaceOrientationLandscapeLeft UIInterfaceOrientationLandscapeRight";
				LD_RUNPATH_SEARCH_PATHS = (
					"$(inherited)",
					"@executable_path/Frameworks",
				);
				MARKETING_VERSION = 1.0;
				PRODUCT_BUNDLE_IDENTIFIER = DevBorisElkin.BeginnerSwiftUIProject;
				PRODUCT_NAME = "$(TARGET_NAME)";
				SWIFT_EMIT_LOC_STRINGS = YES;
				SWIFT_VERSION = 5.0;
				TARGETED_DEVICE_FAMILY = "1,2";
			};
			name = Release;
		};
/* End XCBuildConfiguration section */

/* Begin XCConfigurationList section */
		52678F09297C53F100D35861 /* Build configuration list for PBXProject "BeginnerSwiftUIProject" */ = {
			isa = XCConfigurationList;
			buildConfigurations = (
				52678F1A297C53F300D35861 /* Debug */,
				52678F1B297C53F300D35861 /* Release */,
			);
			defaultConfigurationIsVisible = 0;
			defaultConfigurationName = Release;
		};
		52678F1C297C53F300D35861 /* Build configuration list for PBXNativeTarget "BeginnerSwiftUIProject" */ = {
			isa = XCConfigurationList;
			buildConfigurations = (
				52678F1D297C53F300D35861 /* Debug */,
				52678F1E297C53F300D35861 /* Release */,
			);
			defaultConfigurationIsVisible = 0;
			defaultConfigurationName = Release;
		};
/* End XCConfigurationList section */
	};
	rootObject = 52678F06297C53F100D35861 /* Project object */;
}
